<?xml version="1.0" encoding="utf-8"?>
<Project ToolsVersion="4.0" xmlns="http://schemas.microsoft.com/developer/msbuild/2003">
  <ItemGroup>
    <Filter Include="Source Files">
      <UniqueIdentifier>{4FC737F1-C7A5-4376-A066-2A32D752A2FF}</UniqueIdentifier>
      <Extensions>cpp;c;cc;cxx;c++;cppm;ixx;def;odl;idl;hpj;bat;asm;asmx</Extensions>
    </Filter>
    <Filter Include="Header Files">
      <UniqueIdentifier>{93995380-89BD-4b04-88EB-625FBE52EBFB}</UniqueIdentifier>
      <Extensions>h;hh;hpp;hxx;h++;hm;inl;inc;ipp;xsd</Extensions>
    </Filter>
    <Filter Include="Resource Files">
      <UniqueIdentifier>{67DA6AB6-F800-4c08-8B7A-83BB121AAD01}</UniqueIdentifier>
      <Extensions>rc;ico;cur;bmp;dlg;rc2;rct;bin;rgs;gif;jpg;jpeg;jpe;resx;tiff;tif;png;wav;mfcribbon-ms</Extensions>
    </Filter>
    <Filter Include="OpenSSL">
      <UniqueIdentifier>{9558abce-6060-4895-b734-2e23217c8a5b}</UniqueIdentifier>
    </Filter>
  </ItemGroup>
  <ItemGroup>
    <None Include="..\Webpack\dist\Webpack.js" />
    <None Include="..\Webpack\dist\Webpack.js.map" />
    <None Include="packages.config" />
    <None Include="..\Resources\Config.json" />
    <None Include="..\Resources\Bootstrap.js" />
    <None Include="..\Resources\DefaultUserscript.json" />
    <None Include="..\Resources\Error.html" />
  </ItemGroup>
  <ItemGroup>
    <ClCompile Include="Client.cpp">
      <Filter>Source Files</Filter>
    </ClCompile>
    <ClCompile Include="..\Utils\StringUtil.cpp">
      <Filter>Source Files</Filter>
    </ClCompile>
    <ClCompile Include="..\Utils\IOUtil.cpp">
      <Filter>Source Files</Filter>
    </ClCompile>
    <ClCompile Include="..\Utils\Base64.cpp">
      <Filter>Source Files</Filter>
    </ClCompile>
    <ClCompile Include="Updater.h">
      <Filter>Header Files</Filter>
    </ClCompile>
    <ClCompile Include="Updater.cpp">
      <Filter>Source Files</Filter>
    </ClCompile>
    <ClCompile Include="..\Utils\Uri.cpp">
      <Filter>Source Files</Filter>
    </ClCompile>
    <ClCompile Include="Log.cpp">
      <Filter>Source Files</Filter>
    </ClCompile>
    <ClCompile Include="ClientFolder.cpp">
      <Filter>Source Files</Filter>
    </ClCompile>
    <ClCompile Include="LoadRes.cpp">
      <Filter>Source Files</Filter>
    </ClCompile>
    <ClCompile Include="WebView2Installer.cpp">
      <Filter>Source Files</Filter>
    </ClCompile>
    <ClCompile Include="Points.cpp">
      <Filter>Source Files</Filter>
    </ClCompile>
    <ClCompile Include="KrunkerWindow.cpp">
      <Filter>Source Files</Filter>
    </ClCompile>
    <ClCompile Include="..\OpenSSL\ssl\bio_ssl.c">
      <Filter>OpenSSL</Filter>
    </ClCompile>
    <ClCompile Include="..\OpenSSL\ssl\d1_lib.c">
      <Filter>OpenSSL</Filter>
    </ClCompile>
    <ClCompile Include="..\OpenSSL\ssl\d1_msg.c">
      <Filter>OpenSSL</Filter>
    </ClCompile>
    <ClCompile Include="..\OpenSSL\ssl\d1_srtp.c">
      <Filter>OpenSSL</Filter>
    </ClCompile>
    <ClCompile Include="..\OpenSSL\ssl\record\dtls1_bitmap.c">
      <Filter>OpenSSL</Filter>
    </ClCompile>
    <ClCompile Include="..\OpenSSL\ssl\statem\extensions.c">
      <Filter>OpenSSL</Filter>
    </ClCompile>
    <ClCompile Include="..\OpenSSL\ssl\statem\extensions_clnt.c">
      <Filter>OpenSSL</Filter>
    </ClCompile>
    <ClCompile Include="..\OpenSSL\ssl\statem\extensions_cust.c">
      <Filter>OpenSSL</Filter>
    </ClCompile>
    <ClCompile Include="..\OpenSSL\ssl\statem\extensions_srvr.c">
      <Filter>OpenSSL</Filter>
    </ClCompile>
    <ClCompile Include="..\OpenSSL\ssl\packet.c">
      <Filter>OpenSSL</Filter>
    </ClCompile>
    <ClCompile Include="..\OpenSSL\ssl\methods.c">
      <Filter>OpenSSL</Filter>
    </ClCompile>
    <ClCompile Include="..\OpenSSL\ssl\pqueue.c">
      <Filter>OpenSSL</Filter>
    </ClCompile>
    <ClCompile Include="..\OpenSSL\ssl\record\rec_layer_d1.c">
      <Filter>OpenSSL</Filter>
    </ClCompile>
    <ClCompile Include="..\OpenSSL\ssl\record\rec_layer_s3.c">
      <Filter>OpenSSL</Filter>
    </ClCompile>
    <ClCompile Include="..\OpenSSL\ssl\s3_cbc.c">
      <Filter>OpenSSL</Filter>
    </ClCompile>
    <ClCompile Include="..\OpenSSL\ssl\s3_enc.c">
      <Filter>OpenSSL</Filter>
    </ClCompile>
    <ClCompile Include="..\OpenSSL\ssl\s3_lib.c">
      <Filter>OpenSSL</Filter>
    </ClCompile>
    <ClCompile Include="..\OpenSSL\ssl\s3_msg.c">
      <Filter>OpenSSL</Filter>
    </ClCompile>
    <ClCompile Include="..\OpenSSL\ssl\ssl_asn1.c">
      <Filter>OpenSSL</Filter>
    </ClCompile>
    <ClCompile Include="..\OpenSSL\ssl\ssl_cert.c">
      <Filter>OpenSSL</Filter>
    </ClCompile>
    <ClCompile Include="..\OpenSSL\ssl\ssl_ciph.c">
      <Filter>OpenSSL</Filter>
    </ClCompile>
    <ClCompile Include="..\OpenSSL\ssl\ssl_conf.c">
      <Filter>OpenSSL</Filter>
    </ClCompile>
    <ClCompile Include="..\OpenSSL\ssl\ssl_err.c">
      <Filter>OpenSSL</Filter>
    </ClCompile>
    <ClCompile Include="..\OpenSSL\ssl\ssl_init.c">
      <Filter>OpenSSL</Filter>
    </ClCompile>
    <ClCompile Include="..\OpenSSL\ssl\ssl_lib.c">
      <Filter>OpenSSL</Filter>
    </ClCompile>
    <ClCompile Include="..\OpenSSL\ssl\ssl_mcnf.c">
      <Filter>OpenSSL</Filter>
    </ClCompile>
    <ClCompile Include="..\OpenSSL\ssl\ssl_rsa.c">
      <Filter>OpenSSL</Filter>
    </ClCompile>
    <ClCompile Include="..\OpenSSL\ssl\ssl_sess.c">
      <Filter>OpenSSL</Filter>
    </ClCompile>
    <ClCompile Include="..\OpenSSL\ssl\ssl_stat.c">
      <Filter>OpenSSL</Filter>
    </ClCompile>
    <ClCompile Include="..\OpenSSL\ssl\ssl_txt.c">
      <Filter>OpenSSL</Filter>
    </ClCompile>
    <ClCompile Include="..\OpenSSL\ssl\ssl_utst.c">
      <Filter>OpenSSL</Filter>
    </ClCompile>
    <ClCompile Include="..\OpenSSL\ssl\record\ssl3_buffer.c">
      <Filter>OpenSSL</Filter>
    </ClCompile>
    <ClCompile Include="..\OpenSSL\ssl\record\ssl3_record.c">
      <Filter>OpenSSL</Filter>
    </ClCompile>
    <ClCompile Include="..\OpenSSL\ssl\record\ssl3_record_tls13.c">
      <Filter>OpenSSL</Filter>
    </ClCompile>
    <ClCompile Include="..\OpenSSL\ssl\statem\statem.c">
      <Filter>OpenSSL</Filter>
    </ClCompile>
    <ClCompile Include="..\OpenSSL\ssl\statem\statem_clnt.c">
      <Filter>OpenSSL</Filter>
    </ClCompile>
    <ClCompile Include="..\OpenSSL\ssl\statem\statem_dtls.c">
      <Filter>OpenSSL</Filter>
    </ClCompile>
    <ClCompile Include="..\OpenSSL\ssl\statem\statem_lib.c">
      <Filter>OpenSSL</Filter>
    </ClCompile>
    <ClCompile Include="..\OpenSSL\ssl\statem\statem_srvr.c">
      <Filter>OpenSSL</Filter>
    </ClCompile>
    <ClCompile Include="..\OpenSSL\ssl\t1_enc.c">
      <Filter>OpenSSL</Filter>
    </ClCompile>
    <ClCompile Include="..\OpenSSL\ssl\t1_lib.c">
      <Filter>OpenSSL</Filter>
    </ClCompile>
    <ClCompile Include="..\OpenSSL\ssl\t1_trce.c">
      <Filter>OpenSSL</Filter>
    </ClCompile>
    <ClCompile Include="..\OpenSSL\ssl\tls_srp.c">
      <Filter>OpenSSL</Filter>
    </ClCompile>
    <ClCompile Include="..\OpenSSL\ssl\tls13_enc.c">
      <Filter>OpenSSL</Filter>
    </ClCompile>
    <ClCompile Include="TraverseCopy.cpp">
      <Filter>Source Files</Filter>
    </ClCompile>
    <ClCompile Include="RuntimeData.cpp">
      <Filter>Source Files</Filter>
    </ClCompile>
    <ClCompile Include="SeekGame.cpp">
      <Filter>Source Files</Filter>
    </ClCompile>
  </ItemGroup>
  <ItemGroup>
    <ClInclude Include="..\Utils\StringUtil.h">
      <Filter>Header Files</Filter>
    </ClInclude>
    <ClInclude Include="resource.h">
      <Filter>Header Files</Filter>
    </ClInclude>
    <ClInclude Include="..\Utils\IOUtil.h">
      <Filter>Header Files</Filter>
    </ClInclude>
    <ClInclude Include="..\Utils\Base64.h">
      <Filter>Header Files</Filter>
    </ClInclude>
    <ClInclude Include="Log.h">
      <Filter>Header Files</Filter>
    </ClInclude>
    <ClInclude Include="..\Utils\Uri.h">
      <Filter>Header Files</Filter>
    </ClInclude>
    <ClInclude Include="ClientFolder.h">
      <Filter>Header Files</Filter>
    </ClInclude>
    <ClInclude Include="LoadRes.h">
      <Filter>Header Files</Filter>
    </ClInclude>
    <ClInclude Include="WebView2Installer.h">
      <Filter>Header Files</Filter>
    </ClInclude>
    <ClInclude Include="KrunkerWindow.h">
      <Filter>Header Files</Filter>
    </ClInclude>
    <ClInclude Include="Client.h">
      <Filter>Header Files</Filter>
    </ClInclude>
    <ClInclude Include="IPCMessages.h">
      <Filter>Header Files</Filter>
    </ClInclude>
    <ClInclude Include="Points.h">
      <Filter>Header Files</Filter>
    </ClInclude>
    <ClInclude Include="TraverseCopy.h">
      <Filter>Header Files</Filter>
    </ClInclude>
  </ItemGroup>
  <ItemGroup>
    <ResourceCompile Include="Resource.rc">
      <Filter>Resource Files</Filter>
    </ResourceCompile>
  </ItemGroup>
  <ItemGroup>
    <Font Include="..\Resources\GameFont.ttf" />
  </ItemGroup>
</Project>