<?xml version="1.0" encoding="utf-8"?>
<Project ToolsVersion="4.0" xmlns="http://schemas.microsoft.com/developer/msbuild/2003">
  <ItemGroup>
    <Filter Include="Source Files">
      <UniqueIdentifier>{4FC737F1-C7A5-4376-A066-2A32D752A2FF}</UniqueIdentifier>
      <Extensions>cpp;c;cc;cxx;c++;cppm;ixx;def;odl;idl;hpj;bat;asm;asmx</Extensions>
    </Filter>
    <Filter Include="Header Files">
      <UniqueIdentifier>{93995380-89BD-4b04-88EB-625FBE52EBFB}</UniqueIdentifier>
      <Extensions>h;hh;hpp;hxx;h++;hm;inl;inc;ipp;xsd</Extensions>
    </Filter>
    <Filter Include="Resource Files">
      <UniqueIdentifier>{67DA6AB6-F800-4c08-8B7A-83BB121AAD01}</UniqueIdentifier>
      <Extensions>rc;ico;cur;bmp;dlg;rc2;rct;bin;rgs;gif;jpg;jpeg;jpe;resx;tiff;tif;png;wav;mfcribbon-ms</Extensions>
    </Filter>
    <Filter Include="DiscordRPC">
      <UniqueIdentifier>{45f57e52-2c44-49ab-b911-a179b07bd0fd}</UniqueIdentifier>
    </Filter>
  </ItemGroup>
  <ItemGroup>
    <None Include="..\Webpack\dist\Webpack.js" />
    <None Include="..\Webpack\dist\Webpack.js.map" />
    <None Include="packages.config" />
    <None Include="..\Resources\Config.json" />
    <None Include="..\Resources\Bootstrap.js" />
    <None Include="..\Resources\DefaultUserscript.json" />
    <None Include="..\Resources\Error.html" />
    <None Include="..\Resources\Client.css" />
  </ItemGroup>
  <ItemGroup>
    <ClCompile Include="Client.cpp">
      <Filter>Source Files</Filter>
    </ClCompile>
    <ClCompile Include="..\Utils\StringUtil.cpp">
      <Filter>Source Files</Filter>
    </ClCompile>
    <ClCompile Include="..\Utils\IOUtil.cpp">
      <Filter>Source Files</Filter>
    </ClCompile>
    <ClCompile Include="..\Utils\Base64.cpp">
      <Filter>Source Files</Filter>
    </ClCompile>
    <ClCompile Include="Updater.h">
      <Filter>Header Files</Filter>
    </ClCompile>
    <ClCompile Include="Updater.cpp">
      <Filter>Source Files</Filter>
    </ClCompile>
    <ClCompile Include="..\Utils\Uri.cpp">
      <Filter>Source Files</Filter>
    </ClCompile>
    <ClCompile Include="Log.cpp">
      <Filter>Source Files</Filter>
    </ClCompile>
    <ClCompile Include="ClientFolder.cpp">
      <Filter>Source Files</Filter>
    </ClCompile>
    <ClCompile Include="LoadRes.cpp">
      <Filter>Source Files</Filter>
    </ClCompile>
    <ClCompile Include="WebView2Installer.cpp">
      <Filter>Source Files</Filter>
    </ClCompile>
    <ClCompile Include="Points.cpp">
      <Filter>Source Files</Filter>
    </ClCompile>
    <ClCompile Include="KrunkerWindow.cpp">
      <Filter>Source Files</Filter>
    </ClCompile>
    <ClCompile Include="TraverseCopy.cpp">
      <Filter>Source Files</Filter>
    </ClCompile>
    <ClCompile Include="RuntimeData.cpp">
      <Filter>Source Files</Filter>
    </ClCompile>
    <ClCompile Include="IPCMessages.cpp">
      <Filter>Source Files</Filter>
    </ClCompile>
    <ClCompile Include="JSMessage.cpp">
      <Filter>Source Files</Filter>
    </ClCompile>
    <ClCompile Include="LobbySeeker.cpp">
      <Filter>Source Files</Filter>
    </ClCompile>
    <ClCompile Include="AccountManager.cpp">
      <Filter>Source Files</Filter>
    </ClCompile>
    <ClCompile Include="..\DiscordRPC\connection_win.cpp">
      <Filter>DiscordRPC</Filter>
    </ClCompile>
    <ClCompile Include="..\DiscordRPC\discord_register_win.cpp">
      <Filter>DiscordRPC</Filter>
    </ClCompile>
    <ClCompile Include="..\DiscordRPC\discord_rpc.cpp">
      <Filter>DiscordRPC</Filter>
    </ClCompile>
    <ClCompile Include="..\DiscordRPC\dllmain.cpp">
      <Filter>DiscordRPC</Filter>
    </ClCompile>
    <ClCompile Include="..\DiscordRPC\rpc_connection.cpp">
      <Filter>DiscordRPC</Filter>
    </ClCompile>
    <ClCompile Include="..\DiscordRPC\serialization.cpp">
      <Filter>DiscordRPC</Filter>
    </ClCompile>
    <ClCompile Include="net.cpp">
      <Filter>Source Files</Filter>
    </ClCompile>
  </ItemGroup>
  <ItemGroup>
    <ClInclude Include="..\Utils\StringUtil.h">
      <Filter>Header Files</Filter>
    </ClInclude>
    <ClInclude Include="resource.h">
      <Filter>Header Files</Filter>
    </ClInclude>
    <ClInclude Include="..\Utils\IOUtil.h">
      <Filter>Header Files</Filter>
    </ClInclude>
    <ClInclude Include="..\Utils\Base64.h">
      <Filter>Header Files</Filter>
    </ClInclude>
    <ClInclude Include="Log.h">
      <Filter>Header Files</Filter>
    </ClInclude>
    <ClInclude Include="..\Utils\Uri.h">
      <Filter>Header Files</Filter>
    </ClInclude>
    <ClInclude Include="ClientFolder.h">
      <Filter>Header Files</Filter>
    </ClInclude>
    <ClInclude Include="LoadRes.h">
      <Filter>Header Files</Filter>
    </ClInclude>
    <ClInclude Include="WebView2Installer.h">
      <Filter>Header Files</Filter>
    </ClInclude>
    <ClInclude Include="KrunkerWindow.h">
      <Filter>Header Files</Filter>
    </ClInclude>
    <ClInclude Include="Client.h">
      <Filter>Header Files</Filter>
    </ClInclude>
    <ClInclude Include="IPCMessages.h">
      <Filter>Header Files</Filter>
    </ClInclude>
    <ClInclude Include="Points.h">
      <Filter>Header Files</Filter>
    </ClInclude>
    <ClInclude Include="TraverseCopy.h">
      <Filter>Header Files</Filter>
    </ClInclude>
    <ClInclude Include="JSMessage.h">
      <Filter>Header Files</Filter>
    </ClInclude>
    <ClInclude Include="LobbySeeker.h">
      <Filter>Header Files</Filter>
    </ClInclude>
    <ClInclude Include="AccountManager.h">
      <Filter>Header Files</Filter>
    </ClInclude>
    <ClInclude Include="..\include\net.h">
      <Filter>Header Files</Filter>
    </ClInclude>
  </ItemGroup>
  <ItemGroup>
    <ResourceCompile Include="Resource.rc">
      <Filter>Resource Files</Filter>
    </ResourceCompile>
  </ItemGroup>
  <ItemGroup>
    <Font Include="..\Resources\GameFont.ttf" />
  </ItemGroup>
</Project>